# THIS IS AN AUTOGENERATED FILE. DO NOT EDIT THIS FILE DIRECTLY.
# yarn lockfile v1


"@cspotcode/source-map-support@^0.8.0":
  version "0.8.1"
  resolved "https://registry.npmjs.org/@cspotcode/source-map-support/-/source-map-support-0.8.1.tgz"
  integrity sha512-IchNf6dN4tHoMFIn/7OE8LWZ19Y6q/67Bmf6vnGREv8RSbBVb9LPJxEcnwrcwX6ixSvaiGoomAUvu4YSxXrVgw==
  dependencies:
    "@jridgewell/trace-mapping" "0.3.9"

"@jridgewell/resolve-uri@^3.0.3":
  version "3.1.1"
  resolved "https://registry.npmjs.org/@jridgewell/resolve-uri/-/resolve-uri-3.1.1.tgz"
  integrity sha512-dSYZh7HhCDtCKm4QakX0xFpsRDqjjtZf/kjI/v3T3Nwt5r8/qz/M19F9ySyOqU94SXBmeG9ttTul+YnR4LOxFA==

"@jridgewell/sourcemap-codec@^1.4.10":
  version "1.4.15"
  resolved "https://registry.npmjs.org/@jridgewell/sourcemap-codec/-/sourcemap-codec-1.4.15.tgz"
  integrity sha512-eF2rxCRulEKXHTRiDrDy6erMYWqNw4LPdQ8UQA4huuxaQsVeRPFl2oM8oDGxMFhJUWZf9McpLtJasDDZb/Bpeg==

"@jridgewell/trace-mapping@0.3.9":
  version "0.3.9"
  resolved "https://registry.npmjs.org/@jridgewell/trace-mapping/-/trace-mapping-0.3.9.tgz"
  integrity sha512-3Belt6tdc8bPgAtbcmdtNJlirVoTmEb5e2gC94PnkwEW9jI6CAHUeoG85tjWP5WquqfavoMtMwiG4P926ZKKuQ==
  dependencies:
    "@jridgewell/resolve-uri" "^3.0.3"
    "@jridgewell/sourcemap-codec" "^1.4.10"

"@pleisto/flappy-nodejs-bindings-android-arm64@0.0.1-alpha.1":
  version "0.0.1-alpha.1"
  resolved "https://registry.yarnpkg.com/@pleisto/flappy-nodejs-bindings-android-arm64/-/flappy-nodejs-bindings-android-arm64-0.0.1-alpha.1.tgz#5b1f2d241a15181f2295102c4423ad3460977726"
  integrity sha512-6Dh4bkMAPe075KzO+ykKNKmyIyOIs2FN3PlB2Nm84aN3yQxIluGknL0lYGLXkjcQFvz+HQ5BRo5ZGqnLFD9ZUQ==

"@pleisto/flappy-nodejs-bindings-darwin-arm64@0.0.1-alpha.1":
  version "0.0.1-alpha.1"
  resolved "https://registry.yarnpkg.com/@pleisto/flappy-nodejs-bindings-darwin-arm64/-/flappy-nodejs-bindings-darwin-arm64-0.0.1-alpha.1.tgz#db824883b118c183848cf22fa26569a0e5ec44e9"
  integrity sha512-vdoeowTHQjPgviY8Ml82Yg6uRZJ/+V4UaTL53kMo54wfmJ6BZ/N97gwHSo8BzSumk0Z/+7RO6CwBs2CLVtyV8A==

"@pleisto/flappy-nodejs-bindings-darwin-universal@0.0.1-alpha.1":
  version "0.0.1-alpha.1"
  resolved "https://registry.yarnpkg.com/@pleisto/flappy-nodejs-bindings-darwin-universal/-/flappy-nodejs-bindings-darwin-universal-0.0.1-alpha.1.tgz#c80af647704afef2fab910ea2e66f43969f41bc9"
  integrity sha512-0ZitC4WREsE83YnF+G2sIfWWncxuuO/bFkz6jR3EKTHmyrZTBIaIzAVfoVxMgCTbSh9OOXS5/et0/OrUS8NvGw==

"@pleisto/flappy-nodejs-bindings-darwin-x64@0.0.1-alpha.1":
  version "0.0.1-alpha.1"
  resolved "https://registry.yarnpkg.com/@pleisto/flappy-nodejs-bindings-darwin-x64/-/flappy-nodejs-bindings-darwin-x64-0.0.1-alpha.1.tgz#678d31e6db4583a476c68c80d829b96fdd0a6216"
  integrity sha512-qz1b7DB5cGLCa/mOvPYfgyJypn8IUWPyi2YZFIIDkpeydD2fJyQ2FBu+77gLEKeGVkDXN+h6Qil2EJyFYZUbKA==

"@pleisto/flappy-nodejs-bindings-linux-arm64-gnu@0.0.1-alpha.1":
  version "0.0.1-alpha.1"
  resolved "https://registry.yarnpkg.com/@pleisto/flappy-nodejs-bindings-linux-arm64-gnu/-/flappy-nodejs-bindings-linux-arm64-gnu-0.0.1-alpha.1.tgz#4f8e1124e39e44d390f9cde19cfba9e8d93d97cf"
  integrity sha512-XW9Ou+WQ58SBP2U4oYTCLLpSTOJWxML1h9NtbZpVUNfNwQNPgSuMq3pOueXRR7zU8mT5t1hlpyOFv83f8g9pjw==

"@pleisto/flappy-nodejs-bindings-linux-arm64-musl@0.0.1-alpha.1":
  version "0.0.1-alpha.1"
  resolved "https://registry.yarnpkg.com/@pleisto/flappy-nodejs-bindings-linux-arm64-musl/-/flappy-nodejs-bindings-linux-arm64-musl-0.0.1-alpha.1.tgz#91fbd6b9e1174c8bcac17f0688815d71305bc358"
  integrity sha512-nW/d3iUF5gGbch5JH6TJ8HCDZFTeRKgKTnbeeyUebtxckm+RjBKfl1142HKdgLTrudBOu7VuF9qCHFBC6/TeEQ==

"@pleisto/flappy-nodejs-bindings-linux-x64-gnu@0.0.1-alpha.1":
  version "0.0.1-alpha.1"
  resolved "https://registry.yarnpkg.com/@pleisto/flappy-nodejs-bindings-linux-x64-gnu/-/flappy-nodejs-bindings-linux-x64-gnu-0.0.1-alpha.1.tgz#17a89194dd08d89b0ca44e168f4a7f1c033fad44"
  integrity sha512-vcQSGMfEKJw4eVHSF9pNSqg2VcCBNFt23jxYfBEZ6MoDTBNbOvtvGa+hXeDUT1enBFy7b78dSzyuHzdNsksVeg==

"@pleisto/flappy-nodejs-bindings-linux-x64-musl@0.0.1-alpha.1":
  version "0.0.1-alpha.1"
  resolved "https://registry.yarnpkg.com/@pleisto/flappy-nodejs-bindings-linux-x64-musl/-/flappy-nodejs-bindings-linux-x64-musl-0.0.1-alpha.1.tgz#921ca6edc1ca2c78da719982afa848a88e519767"
  integrity sha512-4JfCc8by31wF0ANYS+WQaCgcq4pAdCW3nwCUOoulIqC3qZggnH3epY34XgWuNJHvGp3Ctr8ooXdbx72u30T4tw==

"@pleisto/flappy-nodejs-bindings-win32-x64-gnu@0.0.1-alpha.1":
  version "0.0.1-alpha.1"
  resolved "https://registry.yarnpkg.com/@pleisto/flappy-nodejs-bindings-win32-x64-gnu/-/flappy-nodejs-bindings-win32-x64-gnu-0.0.1-alpha.1.tgz#c716a45b57623cf58f5ee2ccefcb62256d1ef278"
  integrity sha512-RYwX+RIm0oq9E1e+JYtMurXh07WHgiABFWgwYVvPvlg69W4YfX1+8vqzrT/Dg5DYBPS5IsPkLJQWywwR4wyDBA==

"@pleisto/flappy-nodejs-bindings@next":
  version "0.0.1-alpha.1"
  resolved "https://registry.yarnpkg.com/@pleisto/flappy-nodejs-bindings/-/flappy-nodejs-bindings-0.0.1-alpha.1.tgz#73276eec00b734d8189b788220fc286cec733561"
  integrity sha512-Dtz2vjukhcqvXKgNs3slzdM4LQElV8lMr7oZq3itgK+1yG7N/NZpNupUws5TAOMcu2mm3Br0FLNuwAaBhVzltw==
  optionalDependencies:
    "@pleisto/flappy-nodejs-bindings-android-arm64" "0.0.1-alpha.1"
    "@pleisto/flappy-nodejs-bindings-darwin-arm64" "0.0.1-alpha.1"
    "@pleisto/flappy-nodejs-bindings-darwin-universal" "0.0.1-alpha.1"
    "@pleisto/flappy-nodejs-bindings-darwin-x64" "0.0.1-alpha.1"
    "@pleisto/flappy-nodejs-bindings-linux-arm64-gnu" "0.0.1-alpha.1"
    "@pleisto/flappy-nodejs-bindings-linux-arm64-musl" "0.0.1-alpha.1"
    "@pleisto/flappy-nodejs-bindings-linux-x64-gnu" "0.0.1-alpha.1"
    "@pleisto/flappy-nodejs-bindings-linux-x64-musl" "0.0.1-alpha.1"
    "@pleisto/flappy-nodejs-bindings-win32-x64-gnu" "0.0.1-alpha.1"

"@pleisto/node-flappy@^0.0.1-alpha.3":
  version "0.0.1-alpha.3"
  resolved "https://registry.yarnpkg.com/@pleisto/node-flappy/-/node-flappy-0.0.1-alpha.3.tgz#0081be44686910b1c77d51fcff9d7f6e572d67a6"
  integrity sha512-34UpsGOlhgnQgO+PHG01DLKpTW8GVxLMXlpPFh6CUF9gqlEFbszlucuHKGeRK4VAYCeBzRiPSg8KOGg1P2Paxw==
  dependencies:
    "@pleisto/flappy-nodejs-bindings" next
    radash "^11.0.0"
    yaml "^2.3.3"
    zod "^3.22.4"
    zod-to-json-schema "^3.21.4"
  optionalDependencies:
    openai "^4.12.4"

"@tsconfig/node10@^1.0.7":
  version "1.0.9"
  resolved "https://registry.npmjs.org/@tsconfig/node10/-/node10-1.0.9.tgz"
  integrity sha512-jNsYVVxU8v5g43Erja32laIDHXeoNvFEpX33OK4d6hljo3jDhCBDhx5dhCCTMWUojscpAagGiRkBKxpdl9fxqA==

"@tsconfig/node12@^1.0.7":
  version "1.0.11"
  resolved "https://registry.npmjs.org/@tsconfig/node12/-/node12-1.0.11.tgz"
  integrity sha512-cqefuRsh12pWyGsIoBKJA9luFu3mRxCA+ORZvA4ktLSzIuCUtWVxGIuXigEwO5/ywWFMZ2QEGKWvkZG1zDMTag==

"@tsconfig/node14@^1.0.0":
  version "1.0.3"
  resolved "https://registry.npmjs.org/@tsconfig/node14/-/node14-1.0.3.tgz"
  integrity sha512-ysT8mhdixWK6Hw3i1V2AeRqZ5WfXg1G43mqoYlM2nc6388Fq5jcXyr5mRsqViLx/GJYdoL0bfXD8nmF+Zn/Iow==

"@tsconfig/node16@^1.0.2":
  version "1.0.4"
  resolved "https://registry.npmjs.org/@tsconfig/node16/-/node16-1.0.4.tgz"
  integrity sha512-vxhUy4J8lyeyinH7Azl1pdd43GJhZH/tP2weN8TntQblOY+A0XbT8DJk1/oCPuOOyg/Ja757rG0CgHcWC8OfMA==

"@types/node-fetch@^2.6.4":
  version "2.6.7"
  resolved "https://registry.npmjs.org/@types/node-fetch/-/node-fetch-2.6.7.tgz"
  integrity sha512-lX17GZVpJ/fuCjguZ5b3TjEbSENxmEk1B2z02yoXSK9WMEWRivhdSY73wWMn6bpcCDAOh6qAdktpKHIlkDk2lg==
  dependencies:
    "@types/node" "*"
    form-data "^4.0.0"

"@types/node@*", "@types/node@^20.8.8":
  version "20.8.8"
  resolved "https://registry.npmjs.org/@types/node/-/node-20.8.8.tgz"
  integrity sha512-YRsdVxq6OaLfmR9Hy816IMp33xOBjfyOgUd77ehqg96CFywxAPbDbXvAsuN2KVg2HOT8Eh6uAfU+l4WffwPVrQ==
  dependencies:
    undici-types "~5.25.1"

"@types/node@^18.11.18":
  version "18.18.6"
  resolved "https://registry.npmjs.org/@types/node/-/node-18.18.6.tgz"
  integrity sha512-wf3Vz+jCmOQ2HV1YUJuCWdL64adYxumkrxtc+H1VUQlnQI04+5HtH+qZCOE21lBE7gIrt+CwX2Wv8Acrw5Ak6w==

abort-controller@^3.0.0:
  version "3.0.0"
  resolved "https://registry.npmjs.org/abort-controller/-/abort-controller-3.0.0.tgz"
  integrity sha512-h8lQ8tacZYnR3vNQTgibj+tODHI5/+l06Au2Pcriv/Gmet0eaj4TwWH41sO9wnHDiQsEj19q0drzdWdeAHtweg==
  dependencies:
    event-target-shim "^5.0.0"

acorn-walk@^8.1.1:
  version "8.2.0"
  resolved "https://registry.npmjs.org/acorn-walk/-/acorn-walk-8.2.0.tgz"
  integrity sha512-k+iyHEuPgSw6SbuDpGQM+06HQUa04DZ3o+F6CSzXMvvI5KMvnaEqXe+YVe555R9nn6GPt404fos4wcgpw12SDA==

acorn@^8.4.1:
  version "8.10.0"
  resolved "https://registry.npmjs.org/acorn/-/acorn-8.10.0.tgz"
  integrity sha512-F0SAmZ8iUtS//m8DmCTA0jlh6TDKkHQyK6xc6V4KDTyZKA9dnvX9/3sRTVQrWm79glUAZbnmmNcdYwUIHWVybw==

agentkeepalive@^4.2.1:
  version "4.5.0"
  resolved "https://registry.npmjs.org/agentkeepalive/-/agentkeepalive-4.5.0.tgz"
  integrity sha512-5GG/5IbQQpC9FpkRGsSvZI5QYeSCzlJHdpBQntCsuTOxhKD8lqKhrleg2Yi7yvMIf82Ycmmqln9U8V9qwEiJew==
  dependencies:
    humanize-ms "^1.2.1"

arg@^4.1.0:
  version "4.1.3"
  resolved "https://registry.npmjs.org/arg/-/arg-4.1.3.tgz"
  integrity sha512-58S9QDqG0Xx27YwPSt9fJxivjYl432YCwfDMfZ+71RAqUrZef7LrKQZ3LHLOwCS4FLNBplP533Zx895SeOCHvA==

asynckit@^0.4.0:
  version "0.4.0"
  resolved "https://registry.npmjs.org/asynckit/-/asynckit-0.4.0.tgz"
  integrity sha512-Oei9OH4tRh0YqU3GxhX79dM/mwVgvbZJaSNaRk+bshkj0S5cfHcgYakreBjrHwatXKbz+IoIdYLxrKim2MjW0Q==

base-64@^0.1.0:
  version "0.1.0"
  resolved "https://registry.npmjs.org/base-64/-/base-64-0.1.0.tgz"
  integrity sha512-Y5gU45svrR5tI2Vt/X9GPd3L0HNIKzGu202EjxrXMpuc2V2CiKgemAbUUsqYmZJvPtCXoUKjNZwBJzsNScUbXA==

charenc@0.0.2:
  version "0.0.2"
  resolved "https://registry.npmjs.org/charenc/-/charenc-0.0.2.tgz"
  integrity sha512-yrLQ/yVUFXkzg7EDQsPieE/53+0RlaWTs+wBrvW36cyilJ2SaDWfl4Yj7MtLTXleV9uEKefbAGUPv2/iWSooRA==

combined-stream@^1.0.8:
  version "1.0.8"
  resolved "https://registry.npmjs.org/combined-stream/-/combined-stream-1.0.8.tgz"
  integrity sha512-FQN4MRfuJeHf7cBbBMJFXhKSDq+2kAArBlmRBvcvFE5BB1HZKXtSFASDhdlz9zOYwxh8lDdnvmMOe/+5cdoEdg==
  dependencies:
    delayed-stream "~1.0.0"

create-require@^1.1.0:
  version "1.1.1"
  resolved "https://registry.npmjs.org/create-require/-/create-require-1.1.1.tgz"
  integrity sha512-dcKFX3jn0MpIaXjisoRvexIJVEKzaq7z2rZKxf+MSr9TkdmHmsU4m2lcLojrj/FHl8mk5VxMmYA+ftRkP/3oKQ==

crypt@0.0.2:
  version "0.0.2"
  resolved "https://registry.npmjs.org/crypt/-/crypt-0.0.2.tgz"
  integrity sha512-mCxBlsHFYh9C+HVpiEacem8FEBnMXgU9gy4zmNC+SXAZNB/1idgp/aulFJ4FgCi7GPEVbfyng092GqL2k2rmow==

delayed-stream@~1.0.0:
  version "1.0.0"
  resolved "https://registry.npmjs.org/delayed-stream/-/delayed-stream-1.0.0.tgz"
  integrity sha512-ZySD7Nf91aLB0RxL4KGrKHBXl7Eds1DAmEdcoVawXnLD7SDhpNgtuII2aAkg7a7QS41jxPSZ17p4VdGnMHk3MQ==

diff@^4.0.1:
  version "4.0.2"
  resolved "https://registry.npmjs.org/diff/-/diff-4.0.2.tgz"
  integrity sha512-58lmxKSA4BNyLz+HHMUzlOEpg09FV+ev6ZMe3vJihgdxzgcwZ8VoEEPmALCZG9LmqfVoNMMKpttIYTVG6uDY7A==

digest-fetch@^1.3.0:
  version "1.3.0"
  resolved "https://registry.npmjs.org/digest-fetch/-/digest-fetch-1.3.0.tgz"
  integrity sha512-CGJuv6iKNM7QyZlM2T3sPAdZWd/p9zQiRNS9G+9COUCwzWFTs0Xp8NF5iePx7wtvhDykReiRRrSeNb4oMmB8lA==
  dependencies:
    base-64 "^0.1.0"
    md5 "^2.3.0"

event-target-shim@^5.0.0:
  version "5.0.1"
  resolved "https://registry.npmjs.org/event-target-shim/-/event-target-shim-5.0.1.tgz"
  integrity sha512-i/2XbnSz/uxRCU6+NdVJgKWDTM427+MqYbkQzD321DuCQJUqOuJKIA0IM2+W2xtYHdKOmZ4dR6fExsd4SXL+WQ==

form-data-encoder@1.7.2:
  version "1.7.2"
  resolved "https://registry.npmjs.org/form-data-encoder/-/form-data-encoder-1.7.2.tgz"
  integrity sha512-qfqtYan3rxrnCk1VYaA4H+Ms9xdpPqvLZa6xmMgFvhO32x7/3J/ExcTd6qpxM0vH2GdMI+poehyBZvqfMTto8A==

form-data@^4.0.0:
  version "4.0.0"
  resolved "https://registry.npmjs.org/form-data/-/form-data-4.0.0.tgz"
  integrity sha512-ETEklSGi5t0QMZuiXoA/Q6vcnxcLQP5vdugSpuAyi6SVGi2clPPp+xgEhuMaHC+zGgn31Kd235W35f7Hykkaww==
  dependencies:
    asynckit "^0.4.0"
    combined-stream "^1.0.8"
    mime-types "^2.1.12"

formdata-node@^4.3.2:
  version "4.4.1"
  resolved "https://registry.npmjs.org/formdata-node/-/formdata-node-4.4.1.tgz"
  integrity sha512-0iirZp3uVDjVGt9p49aTaqjk84TrglENEDuqfdlZQ1roC9CWlPk6Avf8EEnZNcAqPonwkG35x4n3ww/1THYAeQ==
  dependencies:
    node-domexception "1.0.0"
    web-streams-polyfill "4.0.0-beta.3"

humanize-ms@^1.2.1:
  version "1.2.1"
  resolved "https://registry.npmjs.org/humanize-ms/-/humanize-ms-1.2.1.tgz"
  integrity sha512-Fl70vYtsAFb/C06PTS9dZBo7ihau+Tu/DNCk/OyHhea07S+aeMWpFFkUaXRa8fI+ScZbEI8dfSxwY7gxZ9SAVQ==
  dependencies:
    ms "^2.0.0"

is-buffer@~1.1.6:
  version "1.1.6"
  resolved "https://registry.npmjs.org/is-buffer/-/is-buffer-1.1.6.tgz"
  integrity sha512-NcdALwpXkTm5Zvvbk7owOUSvVvBKDgKP5/ewfXEznmQFfs4ZRmanOeKBTjRVjka3QFoN6XJ+9F3USqfHqTaU5w==

make-error@^1.1.1:
  version "1.3.6"
  resolved "https://registry.npmjs.org/make-error/-/make-error-1.3.6.tgz"
  integrity sha512-s8UhlNe7vPKomQhC1qFelMokr/Sc3AgNbso3n74mVPA5LTZwkB9NlXf4XPamLxJE8h0gh73rM94xvwRT2CVInw==

md5@^2.3.0:
  version "2.3.0"
  resolved "https://registry.npmjs.org/md5/-/md5-2.3.0.tgz"
  integrity sha512-T1GITYmFaKuO91vxyoQMFETst+O71VUPEU3ze5GNzDm0OWdP8v1ziTaAEPUr/3kLsY3Sftgz242A1SetQiDL7g==
  dependencies:
    charenc "0.0.2"
    crypt "0.0.2"
    is-buffer "~1.1.6"

mime-db@1.52.0:
  version "1.52.0"
  resolved "https://registry.npmjs.org/mime-db/-/mime-db-1.52.0.tgz"
  integrity sha512-sPU4uV7dYlvtWJxwwxHD0PuihVNiE7TyAbQ5SWxDCB9mUYvOgroQOwYQQOKPJ8CIbE+1ETVlOoK1UC2nU3gYvg==

mime-types@^2.1.12:
  version "2.1.35"
  resolved "https://registry.npmjs.org/mime-types/-/mime-types-2.1.35.tgz"
  integrity sha512-ZDY+bPm5zTTF+YpCrAU9nK0UgICYPT0QtT1NZWFv4s++TNkcgVaT0g6+4R2uI4MjQjzysHB1zxuWL50hzaeXiw==
  dependencies:
    mime-db "1.52.0"

ms@^2.0.0:
  version "2.1.3"
  resolved "https://registry.npmjs.org/ms/-/ms-2.1.3.tgz"
  integrity sha512-6FlzubTLZG3J2a/NVCAleEhjzq5oxgHyaCU9yYXvcLsvoVaHJq/s5xXI6/XXP6tz7R9xAOtHnSO/tXtF3WRTlA==

node-domexception@1.0.0:
  version "1.0.0"
  resolved "https://registry.npmjs.org/node-domexception/-/node-domexception-1.0.0.tgz"
  integrity sha512-/jKZoMpw0F8GRwl4/eLROPA3cfcXtLApP0QzLmUT/HuPCZWyB7IY9ZrMeKw2O/nFIqPQB3PVM9aYm0F312AXDQ==

node-fetch@^2.6.7:
  version "2.7.0"
  resolved "https://registry.npmjs.org/node-fetch/-/node-fetch-2.7.0.tgz"
  integrity sha512-c4FRfUm/dbcWZ7U+1Wq0AwCyFL+3nt2bEw05wfxSz+DWpWsitgmSgYmy2dQdWyKC1694ELPqMs/YzUSNozLt8A==
  dependencies:
    whatwg-url "^5.0.0"

openai@^4.12.4, openai@^4.13.0:
  version "4.13.0"
  resolved "https://registry.npmjs.org/openai/-/openai-4.13.0.tgz"
  integrity sha512-EPqHcB0got9cXDZmQae1KytgA4YWtTnUc7tV8hlahZtcO70DMa4kiaXoxnutj9lwmeKQO7ntG+6pmXtrCMejuQ==
  dependencies:
    "@types/node" "^18.11.18"
    "@types/node-fetch" "^2.6.4"
    abort-controller "^3.0.0"
    agentkeepalive "^4.2.1"
    digest-fetch "^1.3.0"
    form-data-encoder "1.7.2"
    formdata-node "^4.3.2"
    node-fetch "^2.6.7"
    web-streams-polyfill "^3.2.1"

radash@^11.0.0:
  version "11.0.0"
  resolved "https://registry.yarnpkg.com/radash/-/radash-11.0.0.tgz#925698e94b554336fc159c253ac33a9a49881835"
  integrity sha512-CRWxTFTDff0IELGJ/zz58yY4BDgyI14qSM5OLNKbCItJrff7m7dXbVF0kWYVCXQtPb3SXIVhXvAImH6eT7VLSg==

tr46@~0.0.3:
  version "0.0.3"
  resolved "https://registry.npmjs.org/tr46/-/tr46-0.0.3.tgz"
  integrity sha512-N3WMsuqV66lT30CrXNbEjx4GEwlow3v6rr4mCcv6prnfwhS01rkgyFdjPNBYd9br7LpXV1+Emh01fHnq2Gdgrw==

ts-node@^10.9.1:
  version "10.9.1"
  resolved "https://registry.npmjs.org/ts-node/-/ts-node-10.9.1.tgz"
  integrity sha512-NtVysVPkxxrwFGUUxGYhfux8k78pQB3JqYBXlLRZgdGUqTO5wU/UyHop5p70iEbGhB7q5KmiZiU0Y3KlJrScEw==
  dependencies:
    "@cspotcode/source-map-support" "^0.8.0"
    "@tsconfig/node10" "^1.0.7"
    "@tsconfig/node12" "^1.0.7"
    "@tsconfig/node14" "^1.0.0"
    "@tsconfig/node16" "^1.0.2"
    acorn "^8.4.1"
    acorn-walk "^8.1.1"
    arg "^4.1.0"
    create-require "^1.1.0"
    diff "^4.0.1"
    make-error "^1.1.1"
    v8-compile-cache-lib "^3.0.1"
    yn "3.1.1"

typescript@^5.2.2:
  version "5.2.2"
  resolved "https://registry.npmjs.org/typescript/-/typescript-5.2.2.tgz"
  integrity sha512-mI4WrpHsbCIcwT9cF4FZvr80QUeKvsUsUvKDoR+X/7XHQH98xYD8YHZg7ANtz2GtZt/CBq2QJ0thkGJMHfqc1w==

undici-types@~5.25.1:
  version "5.25.3"
  resolved "https://registry.npmjs.org/undici-types/-/undici-types-5.25.3.tgz"
  integrity sha512-Ga1jfYwRn7+cP9v8auvEXN1rX3sWqlayd4HP7OKk4mZWylEmu3KzXDUGrQUN6Ol7qo1gPvB2e5gX6udnyEPgdA==

v8-compile-cache-lib@^3.0.1:
  version "3.0.1"
  resolved "https://registry.npmjs.org/v8-compile-cache-lib/-/v8-compile-cache-lib-3.0.1.tgz"
  integrity sha512-wa7YjyUGfNZngI/vtK0UHAN+lgDCxBPCylVXGp0zu59Fz5aiGtNXaq3DhIov063MorB+VfufLh3JlF2KdTK3xg==

web-streams-polyfill@4.0.0-beta.3:
  version "4.0.0-beta.3"
  resolved "https://registry.npmjs.org/web-streams-polyfill/-/web-streams-polyfill-4.0.0-beta.3.tgz"
  integrity sha512-QW95TCTaHmsYfHDybGMwO5IJIM93I/6vTRk+daHTWFPhwh+C8Cg7j7XyKrwrj8Ib6vYXe0ocYNrmzY4xAAN6ug==

web-streams-polyfill@^3.2.1:
  version "3.2.1"
  resolved "https://registry.npmjs.org/web-streams-polyfill/-/web-streams-polyfill-3.2.1.tgz"
  integrity sha512-e0MO3wdXWKrLbL0DgGnUV7WHVuw9OUvL4hjgnPkIeEvESk74gAITi5G606JtZPp39cd8HA9VQzCIvA49LpPN5Q==

webidl-conversions@^3.0.0:
  version "3.0.1"
  resolved "https://registry.npmjs.org/webidl-conversions/-/webidl-conversions-3.0.1.tgz"
  integrity sha512-2JAn3z8AR6rjK8Sm8orRC0h/bcl/DqL7tRPdGZ4I1CjdF+EaMLmYxBHyXuKL849eucPFhvBoxMsflfOb8kxaeQ==

whatwg-url@^5.0.0:
  version "5.0.0"
  resolved "https://registry.npmjs.org/whatwg-url/-/whatwg-url-5.0.0.tgz"
  integrity sha512-saE57nupxk6v3HY35+jzBwYa0rKSy0XR8JSxZPwgLr7ys0IBzhGviA1/TUGJLmSVqs8pb9AnvICXEuOHLprYTw==
  dependencies:
    tr46 "~0.0.3"
    webidl-conversions "^3.0.0"

yaml@^2.3.3:
  version "2.3.3"
  resolved "https://registry.yarnpkg.com/yaml/-/yaml-2.3.3.tgz#01f6d18ef036446340007db8e016810e5d64aad9"
  integrity sha512-zw0VAJxgeZ6+++/su5AFoqBbZbrEakwu+X0M5HmcwUiBL7AzcuPKjj5we4xfQLp78LkEMpD0cOnUhmgOVy3KdQ==

yn@3.1.1:
  version "3.1.1"
  resolved "https://registry.npmjs.org/yn/-/yn-3.1.1.tgz"
  integrity sha512-Ux4ygGWsu2c7isFWe8Yu1YluJmqVhxqK2cLXNQA5AcC3QfbGNpM7fu0Y8b/z16pXLnFxZYvWhd3fhBY9DLmC6Q==

zod-to-json-schema@^3.21.4:
  version "3.21.4"
  resolved "https://registry.yarnpkg.com/zod-to-json-schema/-/zod-to-json-schema-3.21.4.tgz#de97c5b6d4a25e9d444618486cb55c0c7fb949fd"
  integrity sha512-fjUZh4nQ1s6HMccgIeE0VP4QG/YRGPmyjO9sAh890aQKPEk3nqbfUXhMFaC+Dr5KvYBm8BCyvfpZf2jY9aGSsw==

zod@^3.22.4:
  version "3.22.4"
  resolved "https://registry.yarnpkg.com/zod/-/zod-3.22.4.tgz#f31c3a9386f61b1f228af56faa9255e845cf3fff"
  integrity sha512-iC+8Io04lddc+mVqQ9AZ7OQ2MrUKGN+oIQyq1vemgt46jwCwLfhq7/pwnBnNXXXZb8VTVLKwp9EDkx+ryxIWmg==
